
Microsoft Visual Studio Solution File, Format Version 12.00
# Visual Studio Version 17
VisualStudioVersion = 17.4.32804.182
MinimumVisualStudioVersion = 10.0.40219.1
Project("{9A19103F-16F7-4668-BE54-9A1E7A4F7556}") = "Test", "Test.csproj", "{DD697AD3-8CC7-4430-9AC5-22BA6F428C49}"
EndProject
Project("{9A19103F-16F7-4668-BE54-9A1E7A4F7556}") = "Hi3Helper.Http", "..\Hi3Helper.Http.csproj", "{7836A5A4-56A9-4325-A5CD-EFC322CA0075}"
EndProject
Global
	GlobalSection(SolutionConfigurationPlatforms) = preSolution
		Debug|Any CPU = Debug|Any CPU
		Debug|x64 = Debug|x64
		Publish|Any CPU = Publish|Any CPU
		Publish|x64 = Publish|x64
		Release|Any CPU = Release|Any CPU
		Release|x64 = Release|x64
	EndGlobalSection
	GlobalSection(ProjectConfigurationPlatforms) = postSolution
		{DD697AD3-8CC7-4430-9AC5-22BA6F428C49}.Debug|Any CPU.ActiveCfg = Debug|Any CPU
		{DD697AD3-8CC7-4430-9AC5-22BA6F428C49}.Debug|Any CPU.Build.0 = Debug|Any CPU
		{DD697AD3-8CC7-4430-9AC5-22BA6F428C49}.Debug|x64.ActiveCfg = Debug|Any CPU
		{DD697AD3-8CC7-4430-9AC5-22BA6F428C49}.Debug|x64.Build.0 = Debug|Any CPU
		{DD697AD3-8CC7-4430-9AC5-22BA6F428C49}.Publish|Any CPU.ActiveCfg = Release|Any CPU
		{DD697AD3-8CC7-4430-9AC5-22BA6F428C49}.Publish|Any CPU.Build.0 = Release|Any CPU
		{DD697AD3-8CC7-4430-9AC5-22BA6F428C49}.Publish|x64.ActiveCfg = Release|Any CPU
		{DD697AD3-8CC7-4430-9AC5-22BA6F428C49}.Publish|x64.Build.0 = Release|Any CPU
		{DD697AD3-8CC7-4430-9AC5-22BA6F428C49}.Release|Any CPU.ActiveCfg = Release|Any CPU
		{DD697AD3-8CC7-4430-9AC5-22BA6F428C49}.Release|Any CPU.Build.0 = Release|Any CPU
		{DD697AD3-8CC7-4430-9AC5-22BA6F428C49}.Release|x64.ActiveCfg = Release|Any CPU
		{DD697AD3-8CC7-4430-9AC5-22BA6F428C49}.Release|x64.Build.0 = Release|Any CPU
		{7836A5A4-56A9-4325-A5CD-EFC322CA0075}.Debug|Any CPU.ActiveCfg = Debug|x64
		{7836A5A4-56A9-4325-A5CD-EFC322CA0075}.Debug|Any CPU.Build.0 = Debug|x64
		{7836A5A4-56A9-4325-A5CD-EFC322CA0075}.Debug|x64.ActiveCfg = Debug|x64
		{7836A5A4-56A9-4325-A5CD-EFC322CA0075}.Debug|x64.Build.0 = Debug|x64
		{7836A5A4-56A9-4325-A5CD-EFC322CA0075}.Publish|Any CPU.ActiveCfg = Publish|x64
		{7836A5A4-56A9-4325-A5CD-EFC322CA0075}.Publish|Any CPU.Build.0 = Publish|x64
		{7836A5A4-56A9-4325-A5CD-EFC322CA0075}.Publish|x64.ActiveCfg = Publish|x64
		{7836A5A4-56A9-4325-A5CD-EFC322CA0075}.Publish|x64.Build.0 = Publish|x64
		{7836A5A4-56A9-4325-A5CD-EFC322CA0075}.Release|Any CPU.ActiveCfg = Release|x64
		{7836A5A4-56A9-4325-A5CD-EFC322CA0075}.Release|Any CPU.Build.0 = Release|x64
		{7836A5A4-56A9-4325-A5CD-EFC322CA0075}.Release|x64.ActiveCfg = Release|x64
		{7836A5A4-56A9-4325-A5CD-EFC322CA0075}.Release|x64.Build.0 = Release|x64
	EndGlobalSection
	GlobalSection(SolutionProperties) = preSolution
		HideSolutionNode = FALSE
	EndGlobalSection
	GlobalSection(ExtensibilityGlobals) = postSolution
		SolutionGuid = {ABD31590-369A-400D-AA11-CB6A0FD3B402}
	EndGlobalSection
EndGlobal
