{
  "version": 1,
  "dependencies": {
    "net10.0": {
      "Microsoft.NET.ILLink.Tasks": {
        "type": "Direct",
        "requested": "[10.0.0-preview.5.25277.114, )",
        "resolved": "10.0.0-preview.5.25277.114",
        "contentHash": "lKaVaiJvMwAny3XEQI8zP88GVLKBQeb5VIG25jzGkoO4ilRWJAJpYgP0EmgBi4BjJB5PbKEAuMCEbxYthf2vQw=="
      }
    }
  }
}