{
  "version": 1,
  "dependencies": {
    ".NETStandard,Version=v2.0": {
      "Microsoft.Bcl.AsyncInterfaces": {
        "type": "Direct",
        "requested": "[*, )",
        "resolved": "10.0.9",
        "contentHash": "Aq7M8lG6BrHeatqKqncVm9m55ec34k6nnfPRLe/PvGg+b/pAsRM2ejofeKmCLjTXMa+5NGXm382f8CG/D5WDow==",
        "dependencies": {
          "System.Threading.Tasks.Extensions": "4.6.3"
        }
      },
      "NETStandard.Library": {
        "type": "Direct",
        "requested": "[2.0.3, )",
        "resolved": "2.0.3",
        "contentHash": "st47PosZSHrjECdjeIzZQbzivYBJFv6P2nv4cj2ypdI204DO+vZ7l5raGMiX4eXMJ53RfOIg+/s4DHVZ54Nu2A==",
        "dependencies": {
          "Microsoft.NETCore.Platforms": "1.1.0"
        }
      },
      "System.Net.Http": {
        "type": "Direct",
        "requested": "[*, )",
        "resolved": "4.3.4",
        "contentHash": "aOa2d51SEbmM+H+Csw7yJOuNZoHkrP2XnAurye5HWYgGVVU54YZDvsLUYRv6h18X3sPnjNCANmN7ZhIPiqMcjA==",
        "dependencies": {
          "Microsoft.NETCore.Platforms": "1.1.1",
          "System.Diagnostics.DiagnosticSource": "4.3.0",
          "System.Security.Cryptography.OpenSsl": "4.3.0",
          "runtime.native.System": "4.3.0",
          "runtime.native.System.Net.Http": "4.3.0",
          "runtime.native.System.Security.Cryptography.OpenSsl": "4.3.2"
        }
      },
      "System.Text.Json": {
        "type": "Direct",
        "requested": "[10.0.9, )",
        "resolved": "10.0.9",
        "contentHash": "mD4f7hUvjXEbLAnROibQswbYguGnfzN17gtkuqAHU1a0gJsqe7LXtV+0tItJsYrCBBpPYHiHFlLtjzG2ZEt5uQ==",
        "dependencies": {
          "Microsoft.Bcl.AsyncInterfaces": "10.0.9",
          "System.Buffers": "4.6.1",
          "System.IO.Pipelines": "10.0.9",
          "System.Memory": "4.6.3",
          "System.Runtime.CompilerServices.Unsafe": "6.1.2",
          "System.Text.Encodings.Web": "10.0.9",
          "System.Threading.Tasks.Extensions": "4.6.3"
        }
      },
      "System.Threading.Tasks.Dataflow": {
        "type": "Direct",
        "requested": "[*, )",
        "resolved": "10.0.9",
        "contentHash": "y6xTHzNb19E4urSDl+rRHLAB5OoZCHmM6Uan6DehI0w0Sx3a5awzLyeIDwl7X8TFJ/5hE9YGnxwfWuQma5Ervg=="
      },
      "Microsoft.NETCore.Platforms": {
        "type": "Transitive",
        "resolved": "1.1.1",
        "contentHash": "TMBuzAHpTenGbGgk0SMTwyEkyijY/Eae4ZGsFNYJvAr/LDn1ku3Etp3FPxChmDp5HHF3kzJuoaa08N0xjqAJfQ=="
      },
      "Microsoft.NETCore.Targets": {
        "type": "Transitive",
        "resolved": "1.1.0",
        "contentHash": "aOZA3BWfz9RXjpzt0sRJJMjAscAUm3Hoa4UWAfceV9UTYxgwZ1lZt5nO2myFf+/jetYQo4uTP7zS8sJY67BBxg=="
      },
      "runtime.debian.8-x64.runtime.native.System.Security.Cryptography.OpenSsl": {
        "type": "Transitive",
        "resolved": "4.3.2",
        "contentHash": "7VSGO0URRKoMEAq0Sc9cRz8mb6zbyx/BZDEWhgPdzzpmFhkam3fJ1DAGWFXBI4nGlma+uPKpfuMQP5LXRnOH5g=="
      },
      "runtime.fedora.23-x64.runtime.native.System.Security.Cryptography.OpenSsl": {
        "type": "Transitive",
        "resolved": "4.3.2",
        "contentHash": "0oAaTAm6e2oVH+/Zttt0cuhGaePQYKII1dY8iaqP7CvOpVKgLybKRFvQjXR2LtxXOXTVPNv14j0ot8uV+HrUmw=="
      },
      "runtime.fedora.24-x64.runtime.native.System.Security.Cryptography.OpenSsl": {
        "type": "Transitive",
        "resolved": "4.3.2",
        "contentHash": "G24ibsCNi5Kbz0oXWynBoRgtGvsw5ZSVEWjv13/KiCAM8C6wz9zzcCniMeQFIkJ2tasjo2kXlvlBZhplL51kGg=="
      },
      "runtime.native.System": {
        "type": "Transitive",
        "resolved": "4.3.0",
        "contentHash": "c/qWt2LieNZIj1jGnVNsE2Kl23Ya2aSTBuXMD6V7k9KWr6l16Tqdwq+hJScEpWER9753NWC8h96PaVNY5Ld7Jw==",
        "dependencies": {
          "Microsoft.NETCore.Platforms": "1.1.0",
          "Microsoft.NETCore.Targets": "1.1.0"
        }
      },
      "runtime.native.System.Net.Http": {
        "type": "Transitive",
        "resolved": "4.3.0",
        "contentHash": "ZVuZJqnnegJhd2k/PtAbbIcZ3aZeITq3sj06oKfMBSfphW3HDmk/t4ObvbOk/JA/swGR0LNqMksAh/f7gpTROg==",
        "dependencies": {
          "Microsoft.NETCore.Platforms": "1.1.0",
          "Microsoft.NETCore.Targets": "1.1.0"
        }
      },
      "runtime.native.System.Security.Cryptography.OpenSsl": {
        "type": "Transitive",
        "resolved": "4.3.2",
        "contentHash": "QR1OwtwehHxSeQvZKXe+iSd+d3XZNkEcuWMFYa2i0aG1l+lR739HPicKMlTbJst3spmeekDVBUS7SeS26s4U/g==",
        "dependencies": {
          "runtime.debian.8-x64.runtime.native.System.Security.Cryptography.OpenSsl": "4.3.2",
          "runtime.fedora.23-x64.runtime.native.System.Security.Cryptography.OpenSsl": "4.3.2",
          "runtime.fedora.24-x64.runtime.native.System.Security.Cryptography.OpenSsl": "4.3.2",
          "runtime.opensuse.13.2-x64.runtime.native.System.Security.Cryptography.OpenSsl": "4.3.2",
          "runtime.opensuse.42.1-x64.runtime.native.System.Security.Cryptography.OpenSsl": "4.3.2",
          "runtime.osx.10.10-x64.runtime.native.System.Security.Cryptography.OpenSsl": "4.3.2",
          "runtime.rhel.7-x64.runtime.native.System.Security.Cryptography.OpenSsl": "4.3.2",
          "runtime.ubuntu.14.04-x64.runtime.native.System.Security.Cryptography.OpenSsl": "4.3.2",
          "runtime.ubuntu.16.04-x64.runtime.native.System.Security.Cryptography.OpenSsl": "4.3.2",
          "runtime.ubuntu.16.10-x64.runtime.native.System.Security.Cryptography.OpenSsl": "4.3.2"
        }
      },
      "runtime.opensuse.13.2-x64.runtime.native.System.Security.Cryptography.OpenSsl": {
        "type": "Transitive",
        "resolved": "4.3.2",
        "contentHash": "I+GNKGg2xCHueRd1m9PzeEW7WLbNNLznmTuEi8/vZX71HudUbx1UTwlGkiwMri7JLl8hGaIAWnA/GONhu+LOyQ=="
      },
      "runtime.opensuse.42.1-x64.runtime.native.System.Security.Cryptography.OpenSsl": {
        "type": "Transitive",
        "resolved": "4.3.2",
        "contentHash": "1Z3TAq1ytS1IBRtPXJvEUZdVsfWfeNEhBkbiOCGEl9wwAfsjP2lz3ZFDx5tq8p60/EqbS0HItG5piHuB71RjoA=="
      },
      "runtime.osx.10.10-x64.runtime.native.System.Security.Cryptography.OpenSsl": {
        "type": "Transitive",
        "resolved": "4.3.2",
        "contentHash": "6mU/cVmmHtQiDXhnzUImxIcDL48GbTk+TsptXyJA+MIOG9LRjPoAQC/qBFB7X+UNyK86bmvGwC8t+M66wsYC8w=="
      },
      "runtime.rhel.7-x64.runtime.native.System.Security.Cryptography.OpenSsl": {
        "type": "Transitive",
        "resolved": "4.3.2",
        "contentHash": "vjwG0GGcTW/PPg6KVud8F9GLWYuAV1rrw1BKAqY0oh4jcUqg15oYF1+qkGR2x2ZHM4DQnWKQ7cJgYbfncz/lYg=="
      },
      "runtime.ubuntu.14.04-x64.runtime.native.System.Security.Cryptography.OpenSsl": {
        "type": "Transitive",
        "resolved": "4.3.2",
        "contentHash": "7KMFpTkHC/zoExs+PwP8jDCWcrK9H6L7soowT80CUx3e+nxP/AFnq0AQAW5W76z2WYbLAYCRyPfwYFG6zkvQRw=="
      },
      "runtime.ubuntu.16.04-x64.runtime.native.System.Security.Cryptography.OpenSsl": {
        "type": "Transitive",
        "resolved": "4.3.2",
        "contentHash": "xrlmRCnKZJLHxyyLIqkZjNXqgxnKdZxfItrPkjI+6pkRo5lHX8YvSZlWrSI5AVwLMi4HbNWP7064hcAWeZKp5w=="
      },
      "runtime.ubuntu.16.10-x64.runtime.native.System.Security.Cryptography.OpenSsl": {
        "type": "Transitive",
        "resolved": "4.3.2",
        "contentHash": "leXiwfiIkW7Gmn7cgnNcdtNAU70SjmKW3jxGj1iKHOvdn0zRWsgv/l2OJUO5zdGdiv2VRFnAsxxhDgMzofPdWg=="
      },
      "System.Buffers": {
        "type": "Transitive",
        "resolved": "4.6.1",
        "contentHash": "N8GXpmiLMtljq7gwvyS+1QvKT/W2J8sNAvx+HVg4NGmsG/H+2k/y9QI23auLJRterrzCiDH+IWAw4V/GPwsMlw=="
      },
      "System.Diagnostics.DiagnosticSource": {
        "type": "Transitive",
        "resolved": "4.3.0",
        "contentHash": "tD6kosZnTAGdrEa0tZSuFyunMbt/5KYDnHdndJYGqZoNy00XVXyACd5d6KnE1YgYv3ne2CjtAfNXo/fwEhnKUA=="
      },
      "System.IO.Pipelines": {
        "type": "Transitive",
        "resolved": "10.0.9",
        "contentHash": "raEAXJHu1ERuQnLhfaMUhK19A+i/CLHH5tFWi+azKxq2O4kzgvdeNuZTzMzyT7pyM1+zE2Pqb2g/DXJsuPp/LQ==",
        "dependencies": {
          "System.Buffers": "4.6.1",
          "System.Memory": "4.6.3",
          "System.Threading.Tasks.Extensions": "4.6.3"
        }
      },
      "System.Memory": {
        "type": "Transitive",
        "resolved": "4.6.3",
        "contentHash": "qdcDOgnFZY40+Q9876JUHnlHu7bosOHX8XISRoH94fwk6hgaeQGSgfZd8srWRZNt5bV9ZW2TljcegDNxsf+96A==",
        "dependencies": {
          "System.Buffers": "4.6.1",
          "System.Numerics.Vectors": "4.6.1",
          "System.Runtime.CompilerServices.Unsafe": "6.1.2"
        }
      },
      "System.Numerics.Vectors": {
        "type": "Transitive",
        "resolved": "4.6.1",
        "contentHash": "sQxefTnhagrhoq2ReR0D/6K0zJcr9Hrd6kikeXsA1I8kOCboTavcUC4r7TSfpKFeE163uMuxZcyfO1mGO3EN8Q=="
      },
      "System.Runtime.CompilerServices.Unsafe": {
        "type": "Transitive",
        "resolved": "6.1.2",
        "contentHash": "2hBr6zdbIBTDE3EhK7NSVNdX58uTK6iHW/P/Axmm9sl1xoGSLqDvMtpecn226TNwHByFokYwJmt/aQQNlO5CRw=="
      },
      "System.Security.Cryptography.OpenSsl": {
        "type": "Transitive",
        "resolved": "4.3.0",
        "contentHash": "h4CEgOgv5PKVF/HwaHzJRiVboL2THYCou97zpmhjghx5frc7fIvlkY1jL+lnIQyChrJDMNEXS6r7byGif8Cy4w==",
        "dependencies": {
          "runtime.native.System.Security.Cryptography.OpenSsl": "4.3.0"
        }
      },
      "System.Text.Encodings.Web": {
        "type": "Transitive",
        "resolved": "10.0.9",
        "contentHash": "65bbI+LWcVgq1mzPtv6bJF+ZXeeIawld/puK9ixD1l3gJGM2IU4gkYbZoKLVjsXJXbrZqSRf86RlKf1TcCTY1Q==",
        "dependencies": {
          "System.Buffers": "4.6.1",
          "System.Memory": "4.6.3",
          "System.Runtime.CompilerServices.Unsafe": "6.1.2"
        }
      },
      "System.Threading.Tasks.Extensions": {
        "type": "Transitive",
        "resolved": "4.6.3",
        "contentHash": "7sCiwilJLYbTZELaKnc7RecBBXWXA+xMLQWZKWawBxYjp6DBlSE3v9/UcvKBvr1vv2tTOhipiogM8rRmxlhrVA==",
        "dependencies": {
          "System.Runtime.CompilerServices.Unsafe": "6.1.2"
        }
      }
    },
    "net10.0": {
      "Microsoft.NET.ILLink.Tasks": {
        "type": "Direct",
        "requested": "[10.0.9, )",
        "resolved": "10.0.9",
        "contentHash": "4Iw41e2h7I4t70SJcX2GCmbyKJIlA273Cfm9RJMM050/3VBejGAG1KcthP5Z2L6SQcbfbf6BhNWO26+ZG+GzMg=="
      },
      "System.Text.Json": {
        "type": "Direct",
        "requested": "[10.0.9, )",
        "resolved": "10.0.9",
        "contentHash": "mD4f7hUvjXEbLAnROibQswbYguGnfzN17gtkuqAHU1a0gJsqe7LXtV+0tItJsYrCBBpPYHiHFlLtjzG2ZEt5uQ=="
      }
    },
    "net6.0": {
      "System.Text.Json": {
        "type": "Direct",
        "requested": "[10.0.9, )",
        "resolved": "10.0.9",
        "contentHash": "mD4f7hUvjXEbLAnROibQswbYguGnfzN17gtkuqAHU1a0gJsqe7LXtV+0tItJsYrCBBpPYHiHFlLtjzG2ZEt5uQ==",
        "dependencies": {
          "Microsoft.Bcl.AsyncInterfaces": "10.0.9",
          "System.IO.Pipelines": "10.0.9",
          "System.Text.Encodings.Web": "10.0.9"
        }
      },
      "Microsoft.Bcl.AsyncInterfaces": {
        "type": "Transitive",
        "resolved": "10.0.9",
        "contentHash": "Aq7M8lG6BrHeatqKqncVm9m55ec34k6nnfPRLe/PvGg+b/pAsRM2ejofeKmCLjTXMa+5NGXm382f8CG/D5WDow=="
      },
      "System.IO.Pipelines": {
        "type": "Transitive",
        "resolved": "10.0.9",
        "contentHash": "raEAXJHu1ERuQnLhfaMUhK19A+i/CLHH5tFWi+azKxq2O4kzgvdeNuZTzMzyT7pyM1+zE2Pqb2g/DXJsuPp/LQ=="
      },
      "System.Text.Encodings.Web": {
        "type": "Transitive",
        "resolved": "10.0.9",
        "contentHash": "65bbI+LWcVgq1mzPtv6bJF+ZXeeIawld/puK9ixD1l3gJGM2IU4gkYbZoKLVjsXJXbrZqSRf86RlKf1TcCTY1Q=="
      }
    },
    "net8.0": {
      "Microsoft.NET.ILLink.Tasks": {
        "type": "Direct",
        "requested": "[8.0.28, )",
        "resolved": "8.0.28",
        "contentHash": "XMqgVjlLxLqWmEh3c49haXLQwsMNtvo6YscUaqfvEGfg1iA8hnYgkUVq3i9Zu9gKeNKMWiiZKVwZExc/qyEAsQ=="
      },
      "System.Text.Json": {
        "type": "Direct",
        "requested": "[10.0.9, )",
        "resolved": "10.0.9",
        "contentHash": "mD4f7hUvjXEbLAnROibQswbYguGnfzN17gtkuqAHU1a0gJsqe7LXtV+0tItJsYrCBBpPYHiHFlLtjzG2ZEt5uQ==",
        "dependencies": {
          "System.IO.Pipelines": "10.0.9",
          "System.Text.Encodings.Web": "10.0.9"
        }
      },
      "System.IO.Pipelines": {
        "type": "Transitive",
        "resolved": "10.0.9",
        "contentHash": "raEAXJHu1ERuQnLhfaMUhK19A+i/CLHH5tFWi+azKxq2O4kzgvdeNuZTzMzyT7pyM1+zE2Pqb2g/DXJsuPp/LQ=="
      },
      "System.Text.Encodings.Web": {
        "type": "Transitive",
        "resolved": "10.0.9",
        "contentHash": "65bbI+LWcVgq1mzPtv6bJF+ZXeeIawld/puK9ixD1l3gJGM2IU4gkYbZoKLVjsXJXbrZqSRf86RlKf1TcCTY1Q=="
      }
    }
  }
}