{
  "version": 1,
  "dependencies": {
    "net8.0": {
      "Microsoft.NET.ILLink.Tasks": {
        "type": "Direct",
        "requested": "[8.0.6, )",
        "resolved": "8.0.6",
        "contentHash": "E+lDylsTeP4ZiDmnEkiJ5wobnGaIJzFhOgZppznJCb69UZgbh6G3cfv1pnLDLLBx6JAgl0kAlnINDeT3uCuczQ=="
      }
    }
  }
}